// !$*UTF8*$!
{
	archiveVersion = 1;
	classes = {
	};
	objectVersion = 46;
	objects = {

/* Begin PBXBuildFile section */
		1F19EE2B1853B633003C29A4 /* Foundation.framework in Frameworks */ = {isa = PBXBuildFile; fileRef = 1F19EE2A1853B633003C29A4 /* Foundation.framework */; };
		1F19EE2D1853B633003C29A4 /* CoreGraphics.framework in Frameworks */ = {isa = PBXBuildFile; fileRef = 1F19EE2C1853B633003C29A4 /* CoreGraphics.framework */; };
		1F19EE2F1853B633003C29A4 /* UIKit.framework in Frameworks */ = {isa = PBXBuildFile; fileRef = 1F19EE2E1853B633003C29A4 /* UIKit.framework */; };
		1F19EE351853B633003C29A4 /* InfoPlist.strings in Resources */ = {isa = PBXBuildFile; fileRef = 1F19EE331853B633003C29A4 /* InfoPlist.strings */; };
		1F19EE371853B633003C29A4 /* main.m in Sources */ = {isa = PBXBuildFile; fileRef = 1F19EE361853B633003C29A4 /* main.m */; };
		1F19EE3B1853B633003C29A4 /* ocpAppDelegate.m in Sources */ = {isa = PBXBuildFile; fileRef = 1F19EE3A1853B633003C29A4 /* ocpAppDelegate.m */; };
		1F19EE3E1853B633003C29A4 /* Main_iPhone.storyboard in Resources */ = {isa = PBXBuildFile; fileRef = 1F19EE3C1853B633003C29A4 /* Main_iPhone.storyboard */; };
		1F19EE411853B633003C29A4 /* Main_iPad.storyboard in Resources */ = {isa = PBXBuildFile; fileRef = 1F19EE3F1853B633003C29A4 /* Main_iPad.storyboard */; };
		1F19EE441853B633003C29A4 /* ocpViewController.m in Sources */ = {isa = PBXBuildFile; fileRef = 1F19EE431853B633003C29A4 /* ocpViewController.m */; };
		1F19EE461853B633003C29A4 /* Images.xcassets in Resources */ = {isa = PBXBuildFile; fileRef = 1F19EE451853B633003C29A4 /* Images.xcassets */; };
		1F19EE4D1853B633003C29A4 /* XCTest.framework in Frameworks */ = {isa = PBXBuildFile; fileRef = 1F19EE4C1853B633003C29A4 /* XCTest.framework */; };
		1F19EE4E1853B633003C29A4 /* Foundation.framework in Frameworks */ = {isa = PBXBuildFile; fileRef = 1F19EE2A1853B633003C29A4 /* Foundation.framework */; };
		1F19EE4F1853B633003C29A4 /* UIKit.framework in Frameworks */ = {isa = PBXBuildFile; fileRef = 1F19EE2E1853B633003C29A4 /* UIKit.framework */; };
		1F19EE571853B633003C29A4 /* InfoPlist.strings in Resources */ = {isa = PBXBuildFile; fileRef = 1F19EE551853B633003C29A4 /* InfoPlist.strings */; };
		1F19EE591853B633003C29A4 /* QuestionsTests.m in Sources */ = {isa = PBXBuildFile; fileRef = 1F19EE581853B633003C29A4 /* QuestionsTests.m */; };
		1F1E5FE81853BFAC00061B97 /* MessageUI.framework in Frameworks */ = {isa = PBXBuildFile; fileRef = 1F1E5FE71853BFAC00061B97 /* MessageUI.framework */; };
		1FA57C6E1853D0A900FDAF56 /* ocpImagePickerViewController.m in Sources */ = {isa = PBXBuildFile; fileRef = 1FA57C6D1853D0A900FDAF56 /* ocpImagePickerViewController.m */; };
		1FEF1ECF1853F058003DEB94 /* OverlayView.xib in Resources */ = {isa = PBXBuildFile; fileRef = 1FEF1ECE1853F058003DEB94 /* OverlayView.xib */; };
		1FEF1ED218540163003DEB94 /* ocpQuestion.m in Sources */ = {isa = PBXBuildFile; fileRef = 1FEF1ED118540163003DEB94 /* ocpQuestion.m */; };
/* End PBXBuildFile section */

/* Begin PBXContainerItemProxy section */
		1F19EE501853B633003C29A4 /* PBXContainerItemProxy */ = {
			isa = PBXContainerItemProxy;
			containerPortal = 1F19EE1F1853B633003C29A4 /* Project object */;
			proxyType = 1;
			remoteGlobalIDString = 1F19EE261853B633003C29A4;
			remoteInfo = Questions;
		};
/* End PBXContainerItemProxy section */

/* Begin PBXFileReference section */
		1F19EE271853B633003C29A4 /* Questions.app */ = {isa = PBXFileReference; explicitFileType = wrapper.application; includeInIndex = 0; path = Questions.app; sourceTree = BUILT_PRODUCTS_DIR; };
		1F19EE2A1853B633003C29A4 /* Foundation.framework */ = {isa = PBXFileReference; lastKnownFileType = wrapper.framework; name = Foundation.framework; path = System/Library/Frameworks/Foundation.framework; sourceTree = SDKROOT; };
		1F19EE2C1853B633003C29A4 /* CoreGraphics.framework */ = {isa = PBXFileReference; lastKnownFileType = wrapper.framework; name = CoreGraphics.framework; path = System/Library/Frameworks/CoreGraphics.framework; sourceTree = SDKROOT; };
		1F19EE2E1853B633003C29A4 /* UIKit.framework */ = {isa = PBXFileReference; lastKnownFileType = wrapper.framework; name = UIKit.framework; path = System/Library/Frameworks/UIKit.framework; sourceTree = SDKROOT; };
		1F19EE321853B633003C29A4 /* Questions-Info.plist */ = {isa = PBXFileReference; lastKnownFileType = text.plist.xml; path = "Questions-Info.plist"; sourceTree = "<group>"; };
		1F19EE341853B633003C29A4 /* en */ = {isa = PBXFileReference; lastKnownFileType = text.plist.strings; name = en; path = en.lproj/InfoPlist.strings; sourceTree = "<group>"; };
		1F19EE361853B633003C29A4 /* main.m */ = {isa = PBXFileReference; lastKnownFileType = sourcecode.c.objc; path = main.m; sourceTree = "<group>"; };
		1F19EE381853B633003C29A4 /* Questions-Prefix.pch */ = {isa = PBXFileReference; lastKnownFileType = sourcecode.c.h; path = "Questions-Prefix.pch"; sourceTree = "<group>"; };
		1F19EE391853B633003C29A4 /* ocpAppDelegate.h */ = {isa = PBXFileReference; lastKnownFileType = sourcecode.c.h; path = ocpAppDelegate.h; sourceTree = "<group>"; };
		1F19EE3A1853B633003C29A4 /* ocpAppDelegate.m */ = {isa = PBXFileReference; lastKnownFileType = sourcecode.c.objc; path = ocpAppDelegate.m; sourceTree = "<group>"; };
		1F19EE3D1853B633003C29A4 /* Base */ = {isa = PBXFileReference; lastKnownFileType = file.storyboard; name = Base; path = Base.lproj/Main_iPhone.storyboard; sourceTree = "<group>"; };
		1F19EE401853B633003C29A4 /* Base */ = {isa = PBXFileReference; lastKnownFileType = file.storyboard; name = Base; path = Base.lproj/Main_iPad.storyboard; sourceTree = "<group>"; };
		1F19EE421853B633003C29A4 /* ocpViewController.h */ = {isa = PBXFileReference; lastKnownFileType = sourcecode.c.h; path = ocpViewController.h; sourceTree = "<group>"; };
		1F19EE431853B633003C29A4 /* ocpViewController.m */ = {isa = PBXFileReference; lastKnownFileType = sourcecode.c.objc; path = ocpViewController.m; sourceTree = "<group>"; };
		1F19EE451853B633003C29A4 /* Images.xcassets */ = {isa = PBXFileReference; lastKnownFileType = folder.assetcatalog; path = Images.xcassets; sourceTree = "<group>"; };
		1F19EE4B1853B633003C29A4 /* QuestionsTests.xctest */ = {isa = PBXFileReference; explicitFileType = wrapper.cfbundle; includeInIndex = 0; path = QuestionsTests.xctest; sourceTree = BUILT_PRODUCTS_DIR; };
		1F19EE4C1853B633003C29A4 /* XCTest.framework */ = {isa = PBXFileReference; lastKnownFileType = wrapper.framework; name = XCTest.framework; path = Library/Frameworks/XCTest.framework; sourceTree = DEVELOPER_DIR; };
		1F19EE541853B633003C29A4 /* QuestionsTests-Info.plist */ = {isa = PBXFileReference; lastKnownFileType = text.plist.xml; path = "QuestionsTests-Info.plist"; sourceTree = "<group>"; };
		1F19EE561853B633003C29A4 /* en */ = {isa = PBXFileReference; lastKnownFileType = text.plist.strings; name = en; path = en.lproj/InfoPlist.strings; sourceTree = "<group>"; };
		1F19EE581853B633003C29A4 /* QuestionsTests.m */ = {isa = PBXFileReference; lastKnownFileType = sourcecode.c.objc; path = QuestionsTests.m; sourceTree = "<group>"; };
		1F1E5FE71853BFAC00061B97 /* MessageUI.framework */ = {isa = PBXFileReference; lastKnownFileType = wrapper.framework; name = MessageUI.framework; path = System/Library/Frameworks/MessageUI.framework; sourceTree = SDKROOT; };
		1FA57C6C1853D0A900FDAF56 /* ocpImagePickerViewController.h */ = {isa = PBXFileReference; fileEncoding = 4; lastKnownFileType = sourcecode.c.h; path = ocpImagePickerViewController.h; sourceTree = "<group>"; };
		1FA57C6D1853D0A900FDAF56 /* ocpImagePickerViewController.m */ = {isa = PBXFileReference; fileEncoding = 4; lastKnownFileType = sourcecode.c.objc; path = ocpImagePickerViewController.m; sourceTree = "<group>"; };
		1FEF1ECE1853F058003DEB94 /* OverlayView.xib */ = {isa = PBXFileReference; fileEncoding = 4; lastKnownFileType = file.xib; name = OverlayView.xib; path = ../OverlayView.xib; sourceTree = "<group>"; };
		1FEF1ED018540163003DEB94 /* ocpQuestion.h */ = {isa = PBXFileReference; fileEncoding = 4; lastKnownFileType = sourcecode.c.h; path = ocpQuestion.h; sourceTree = "<group>"; };
		1FEF1ED118540163003DEB94 /* ocpQuestion.m */ = {isa = PBXFileReference; fileEncoding = 4; lastKnownFileType = sourcecode.c.objc; path = ocpQuestion.m; sourceTree = "<group>"; };
/* End PBXFileReference section */

/* Begin PBXFrameworksBuildPhase section */
		1F19EE241853B633003C29A4 /* Frameworks */ = {
			isa = PBXFrameworksBuildPhase;
			buildActionMask = 2147483647;
			files = (
				1F1E5FE81853BFAC00061B97 /* MessageUI.framework in Frameworks */,
				1F19EE2D1853B633003C29A4 /* CoreGraphics.framework in Frameworks */,
				1F19EE2F1853B633003C29A4 /* UIKit.framework in Frameworks */,
				1F19EE2B1853B633003C29A4 /* Foundation.framework in Frameworks */,
			);
			runOnlyForDeploymentPostprocessing = 0;
		};
		1F19EE481853B633003C29A4 /* Frameworks */ = {
			isa = PBXFrameworksBuildPhase;
			buildActionMask = 2147483647;
			files = (
				1F19EE4D1853B633003C29A4 /* XCTest.framework in Frameworks */,
				1F19EE4F1853B633003C29A4 /* UIKit.framework in Frameworks */,
				1F19EE4E1853B633003C29A4 /* Foundation.framework in Frameworks */,
			);
			runOnlyForDeploymentPostprocessing = 0;
		};
/* End PBXFrameworksBuildPhase section */

/* Begin PBXGroup section */
		1F19EE1E1853B633003C29A4 = {
			isa = PBXGroup;
			children = (
				1F19EE301853B633003C29A4 /* Questions */,
				1F19EE521853B633003C29A4 /* QuestionsTests */,
				1F19EE291853B633003C29A4 /* Frameworks */,
				1F19EE281853B633003C29A4 /* Products */,
			);
			sourceTree = "<group>";
		};
		1F19EE281853B633003C29A4 /* Products */ = {
			isa = PBXGroup;
			children = (
				1F19EE271853B633003C29A4 /* Questions.app */,
				1F19EE4B1853B633003C29A4 /* QuestionsTests.xctest */,
			);
			name = Products;
			sourceTree = "<group>";
		};
		1F19EE291853B633003C29A4 /* Frameworks */ = {
			isa = PBXGroup;
			children = (
				1F1E5FE71853BFAC00061B97 /* MessageUI.framework */,
				1F19EE2A1853B633003C29A4 /* Foundation.framework */,
				1F19EE2C1853B633003C29A4 /* CoreGraphics.framework */,
				1F19EE2E1853B633003C29A4 /* UIKit.framework */,
				1F19EE4C1853B633003C29A4 /* XCTest.framework */,
			);
			name = Frameworks;
			sourceTree = "<group>";
		};
		1F19EE301853B633003C29A4 /* Questions */ = {
			isa = PBXGroup;
			children = (
				1FEF1ECE1853F058003DEB94 /* OverlayView.xib */,
				1F19EE391853B633003C29A4 /* ocpAppDelegate.h */,
				1F19EE3A1853B633003C29A4 /* ocpAppDelegate.m */,
				1F19EE3C1853B633003C29A4 /* Main_iPhone.storyboard */,
				1F19EE3F1853B633003C29A4 /* Main_iPad.storyboard */,
				1F19EE421853B633003C29A4 /* ocpViewController.h */,
				1F19EE431853B633003C29A4 /* ocpViewController.m */,
				1F19EE451853B633003C29A4 /* Images.xcassets */,
				1F19EE311853B633003C29A4 /* Supporting Files */,
				1FA57C6C1853D0A900FDAF56 /* ocpImagePickerViewController.h */,
				1FA57C6D1853D0A900FDAF56 /* ocpImagePickerViewController.m */,
				1FEF1ED018540163003DEB94 /* ocpQuestion.h */,
				1FEF1ED118540163003DEB94 /* ocpQuestion.m */,
			);
			path = Questions;
			sourceTree = "<group>";
		};
		1F19EE311853B633003C29A4 /* Supporting Files */ = {
			isa = PBXGroup;
			children = (
				1F19EE321853B633003C29A4 /* Questions-Info.plist */,
				1F19EE331853B633003C29A4 /* InfoPlist.strings */,
				1F19EE361853B633003C29A4 /* main.m */,
				1F19EE381853B633003C29A4 /* Questions-Prefix.pch */,
			);
			name = "Supporting Files";
			sourceTree = "<group>";
		};
		1F19EE521853B633003C29A4 /* QuestionsTests */ = {
			isa = PBXGroup;
			children = (
				1F19EE581853B633003C29A4 /* QuestionsTests.m */,
				1F19EE531853B633003C29A4 /* Supporting Files */,
			);
			path = QuestionsTests;
			sourceTree = "<group>";
		};
		1F19EE531853B633003C29A4 /* Supporting Files */ = {
			isa = PBXGroup;
			children = (
				1F19EE541853B633003C29A4 /* QuestionsTests-Info.plist */,
				1F19EE551853B633003C29A4 /* InfoPlist.strings */,
			);
			name = "Supporting Files";
			sourceTree = "<group>";
		};
/* End PBXGroup section */

/* Begin PBXNativeTarget section */
		1F19EE261853B633003C29A4 /* Questions */ = {
			isa = PBXNativeTarget;
			buildConfigurationList = 1F19EE5C1853B633003C29A4 /* Build configuration list for PBXNativeTarget "Questions" */;
			buildPhases = (
				1F19EE231853B633003C29A4 /* Sources */,
				1F19EE241853B633003C29A4 /* Frameworks */,
				1F19EE251853B633003C29A4 /* Resources */,
			);
			buildRules = (
			);
			dependencies = (
			);
			name = Questions;
			productName = Questions;
			productReference = 1F19EE271853B633003C29A4 /* Questions.app */;
			productType = "com.apple.product-type.application";
		};
		1F19EE4A1853B633003C29A4 /* QuestionsTests */ = {
			isa = PBXNativeTarget;
			buildConfigurationList = 1F19EE5F1853B633003C29A4 /* Build configuration list for PBXNativeTarget "QuestionsTests" */;
			buildPhases = (
				1F19EE471853B633003C29A4 /* Sources */,
				1F19EE481853B633003C29A4 /* Frameworks */,
				1F19EE491853B633003C29A4 /* Resources */,
			);
			buildRules = (
			);
			dependencies = (
				1F19EE511853B633003C29A4 /* PBXTargetDependency */,
			);
			name = QuestionsTests;
			productName = QuestionsTests;
			productReference = 1F19EE4B1853B633003C29A4 /* QuestionsTests.xctest */;
			productType = "com.apple.product-type.bundle.unit-test";
		};
/* End PBXNativeTarget section */

/* Begin PBXProject section */
		1F19EE1F1853B633003C29A4 /* Project object */ = {
			isa = PBXProject;
			attributes = {
				CLASSPREFIX = ocp;
				LastUpgradeCheck = 0500;
				ORGANIZATIONNAME = "Sanjeeve Manickam";
				TargetAttributes = {
					1F19EE261853B633003C29A4 = {
						DevelopmentTeam = FD4E4UDNTB;
					};
					1F19EE4A1853B633003C29A4 = {
						TestTargetID = 1F19EE261853B633003C29A4;
					};
				};
			};
			buildConfigurationList = 1F19EE221853B633003C29A4 /* Build configuration list for PBXProject "Questions" */;
			compatibilityVersion = "Xcode 3.2";
			developmentRegion = English;
			hasScannedForEncodings = 0;
			knownRegions = (
				en,
				Base,
			);
			mainGroup = 1F19EE1E1853B633003C29A4;
			productRefGroup = 1F19EE281853B633003C29A4 /* Products */;
			projectDirPath = "";
			projectRoot = "";
			targets = (
				1F19EE261853B633003C29A4 /* Questions */,
				1F19EE4A1853B633003C29A4 /* QuestionsTests */,
			);
		};
/* End PBXProject section */

/* Begin PBXResourcesBuildPhase section */
		1F19EE251853B633003C29A4 /* Resources */ = {
			isa = PBXResourcesBuildPhase;
			buildActionMask = 2147483647;
			files = (
				1F19EE411853B633003C29A4 /* Main_iPad.storyboard in Resources */,
				1F19EE461853B633003C29A4 /* Images.xcassets in Resources */,
				1FEF1ECF1853F058003DEB94 /* OverlayView.xib in Resources */,
				1F19EE3E1853B633003C29A4 /* Main_iPhone.storyboard in Resources */,
				1F19EE351853B633003C29A4 /* InfoPlist.strings in Resources */,
			);
			runOnlyForDeploymentPostprocessing = 0;
		};
		1F19EE491853B633003C29A4 /* Resources */ = {
			isa = PBXResourcesBuildPhase;
			buildActionMask = 2147483647;
			files = (
				1F19EE571853B633003C29A4 /* InfoPlist.strings in Resources */,
			);
			runOnlyForDeploymentPostprocessing = 0;
		};
/* End PBXResourcesBuildPhase section */

/* Begin PBXSourcesBuildPhase section */
		1F19EE231853B633003C29A4 /* Sources */ = {
			isa = PBXSourcesBuildPhase;
			buildActionMask = 2147483647;
			files = (
				1F19EE371853B633003C29A4 /* main.m in Sources */,
				1F19EE3B1853B633003C29A4 /* ocpAppDelegate.m in Sources */,
				1F19EE441853B633003C29A4 /* ocpViewController.m in Sources */,
				1FA57C6E1853D0A900FDAF56 /* ocpImagePickerViewController.m in Sources */,
				1FEF1ED218540163003DEB94 /* ocpQuestion.m in Sources */,
			);
			runOnlyForDeploymentPostprocessing = 0;
		};
		1F19EE471853B633003C29A4 /* Sources */ = {
			isa = PBXSourcesBuildPhase;
			buildActionMask = 2147483647;
			files = (
				1F19EE591853B633003C29A4 /* QuestionsTests.m in Sources */,
			);
			runOnlyForDeploymentPostprocessing = 0;
		};
/* End PBXSourcesBuildPhase section */

/* Begin PBXTargetDependency section */
		1F19EE511853B633003C29A4 /* PBXTargetDependency */ = {
			isa = PBXTargetDependency;
			target = 1F19EE261853B633003C29A4 /* Questions */;
			targetProxy = 1F19EE501853B633003C29A4 /* PBXContainerItemProxy */;
		};
/* End PBXTargetDependency section */

/* Begin PBXVariantGroup section */
		1F19EE331853B633003C29A4 /* InfoPlist.strings */ = {
			isa = PBXVariantGroup;
			children = (
				1F19EE341853B633003C29A4 /* en */,
			);
			name = InfoPlist.strings;
			sourceTree = "<group>";
		};
		1F19EE3C1853B633003C29A4 /* Main_iPhone.storyboard */ = {
			isa = PBXVariantGroup;
			children = (
				1F19EE3D1853B633003C29A4 /* Base */,
			);
			name = Main_iPhone.storyboard;
			sourceTree = "<group>";
		};
		1F19EE3F1853B633003C29A4 /* Main_iPad.storyboard */ = {
			isa = PBXVariantGroup;
			children = (
				1F19EE401853B633003C29A4 /* Base */,
			);
			name = Main_iPad.storyboard;
			sourceTree = "<group>";
		};
		1F19EE551853B633003C29A4 /* InfoPlist.strings */ = {
			isa = PBXVariantGroup;
			children = (
				1F19EE561853B633003C29A4 /* en */,
			);
			name = InfoPlist.strings;
			sourceTree = "<group>";
		};
/* End PBXVariantGroup section */

/* Begin XCBuildConfiguration section */
		1F19EE5A1853B633003C29A4 /* Debug */ = {
			isa = XCBuildConfiguration;
			buildSettings = {
				ALWAYS_SEARCH_USER_PATHS = NO;
				ARCHS = "$(ARCHS_STANDARD_INCLUDING_64_BIT)";
				CLANG_CXX_LANGUAGE_STANDARD = "gnu++0x";
				CLANG_CXX_LIBRARY = "libc++";
				CLANG_ENABLE_MODULES = YES;
				CLANG_ENABLE_OBJC_ARC = YES;
				CLANG_WARN_BOOL_CONVERSION = YES;
				CLANG_WARN_CONSTANT_CONVERSION = YES;
				CLANG_WARN_DIRECT_OBJC_ISA_USAGE = YES_ERROR;
				CLANG_WARN_EMPTY_BODY = YES;
				CLANG_WARN_ENUM_CONVERSION = YES;
				CLANG_WARN_INT_CONVERSION = YES;
				CLANG_WARN_OBJC_ROOT_CLASS = YES_ERROR;
				CLANG_WARN__DUPLICATE_METHOD_MATCH = YES;
				"CODE_SIGN_IDENTITY[sdk=iphoneos*]" = "iPhone Developer";
				COPY_PHASE_STRIP = NO;
				GCC_C_LANGUAGE_STANDARD = gnu99;
				GCC_DYNAMIC_NO_PIC = NO;
				GCC_OPTIMIZATION_LEVEL = 0;
				GCC_PREPROCESSOR_DEFINITIONS = (
					"DEBUG=1",
					"$(inherited)",
				);
				GCC_SYMBOLS_PRIVATE_EXTERN = NO;
				GCC_WARN_64_TO_32_BIT_CONVERSION = YES;
				GCC_WARN_ABOUT_RETURN_TYPE = YES_ERROR;
				GCC_WARN_UNDECLARED_SELECTOR = YES;
				GCC_WARN_UNINITIALIZED_AUTOS = YES;
				GCC_WARN_UNUSED_FUNCTION = YES;
				GCC_WARN_UNUSED_VARIABLE = YES;
				IPHONEOS_DEPLOYMENT_TARGET = 7.0;
				ONLY_ACTIVE_ARCH = YES;
				SDKROOT = iphoneos;
				TARGETED_DEVICE_FAMILY = "1,2";
			};
			name = Debug;
		};
		1F19EE5B1853B633003C29A4 /* Release */ = {
			isa = XCBuildConfiguration;
			buildSettings = {
				ALWAYS_SEARCH_USER_PATHS = NO;
				ARCHS = "$(ARCHS_STANDARD_INCLUDING_64_BIT)";
				CLANG_CXX_LANGUAGE_STANDARD = "gnu++0x";
				CLANG_CXX_LIBRARY = "libc++";
				CLANG_ENABLE_MODULES = YES;
				CLANG_ENABLE_OBJC_ARC = YES;
				CLANG_WARN_BOOL_CONVERSION = YES;
				CLANG_WARN_CONSTANT_CONVERSION = YES;
				CLANG_WARN_DIRECT_OBJC_ISA_USAGE = YES_ERROR;
				CLANG_WARN_EMPTY_BODY = YES;
				CLANG_WARN_ENUM_CONVERSION = YES;
				CLANG_WARN_INT_CONVERSION = YES;
				CLANG_WARN_OBJC_ROOT_CLASS = YES_ERROR;
				CLANG_WARN__DUPLICATE_METHOD_MATCH = YES;
				"CODE_SIGN_IDENTITY[sdk=iphoneos*]" = "iPhone Developer";
				COPY_PHASE_STRIP = YES;
				ENABLE_NS_ASSERTIONS = NO;
				GCC_C_LANGUAGE_STANDARD = gnu99;
				GCC_WARN_64_TO_32_BIT_CONVERSION = YES;
				GCC_WARN_ABOUT_RETURN_TYPE = YES_ERROR;
				GCC_WARN_UNDECLARED_SELECTOR = YES;
				GCC_WARN_UNINITIALIZED_AUTOS = YES;
				GCC_WARN_UNUSED_FUNCTION = YES;
				GCC_WARN_UNUSED_VARIABLE = YES;
				IPHONEOS_DEPLOYMENT_TARGET = 7.0;
				SDKROOT = iphoneos;
				TARGETED_DEVICE_FAMILY = "1,2";
				VALIDATE_PRODUCT = YES;
			};
			name = Release;
		};
		1F19EE5D1853B633003C29A4 /* Debug */ = {
			isa = XCBuildConfiguration;
			buildSettings = {
				ASSETCATALOG_COMPILER_APPICON_NAME = AppIcon;
				ASSETCATALOG_COMPILER_LAUNCHIMAGE_NAME = LaunchImage;
				GCC_PRECOMPILE_PREFIX_HEADER = YES;
				GCC_PREFIX_HEADER = "Questions/Questions-Prefix.pch";
				INFOPLIST_FILE = "Questions/Questions-Info.plist";
				PRODUCT_NAME = "$(TARGET_NAME)";
				WRAPPER_EXTENSION = app;
			};
			name = Debug;
		};
		1F19EE5E1853B633003C29A4 /* Release */ = {
			isa = XCBuildConfiguration;
			buildSettings = {
				ASSETCATALOG_COMPILER_APPICON_NAME = AppIcon;
				ASSETCATALOG_COMPILER_LAUNCHIMAGE_NAME = LaunchImage;
				GCC_PRECOMPILE_PREFIX_HEADER = YES;
				GCC_PREFIX_HEADER = "Questions/Questions-Prefix.pch";
				INFOPLIST_FILE = "Questions/Questions-Info.plist";
				PRODUCT_NAME = "$(TARGET_NAME)";
				WRAPPER_EXTENSION = app;
			};
			name = Release;
		};
		1F19EE601853B633003C29A4 /* Debug */ = {
			isa = XCBuildConfiguration;
			buildSettings = {
				ARCHS = "$(ARCHS_STANDARD_INCLUDING_64_BIT)";
				BUNDLE_LOADER = "$(BUILT_PRODUCTS_DIR)/Questions.app/Questions";
				FRAMEWORK_SEARCH_PATHS = (
					"$(SDKROOT)/Developer/Library/Frameworks",
					"$(inherited)",
					"$(DEVELOPER_FRAMEWORKS_DIR)",
				);
				GCC_PRECOMPILE_PREFIX_HEADER = YES;
				GCC_PREFIX_HEADER = "Questions/Questions-Prefix.pch";
				GCC_PREPROCESSOR_DEFINITIONS = (
					"DEBUG=1",
					"$(inherited)",
				);
				INFOPLIST_FILE = "QuestionsTests/QuestionsTests-Info.plist";
				PRODUCT_NAME = "$(TARGET_NAME)";
				TEST_HOST = "$(BUNDLE_LOADER)";
				WRAPPER_EXTENSION = xctest;
			};
			name = Debug;
		};
		1F19EE611853B633003C29A4 /* Release */ = {
			isa = XCBuildConfiguration;
			buildSettings = {
				ARCHS = "$(ARCHS_STANDARD_INCLUDING_64_BIT)";
				BUNDLE_LOADER = "$(BUILT_PRODUCTS_DIR)/Questions.app/Questions";
				FRAMEWORK_SEARCH_PATHS = (
					"$(SDKROOT)/Developer/Library/Frameworks",
					"$(inherited)",
					"$(DEVELOPER_FRAMEWORKS_DIR)",
				);
				GCC_PRECOMPILE_PREFIX_HEADER = YES;
				GCC_PREFIX_HEADER = "Questions/Questions-Prefix.pch";
				INFOPLIST_FILE = "QuestionsTests/QuestionsTests-Info.plist";
				PRODUCT_NAME = "$(TARGET_NAME)";
				TEST_HOST = "$(BUNDLE_LOADER)";
				WRAPPER_EXTENSION = xctest;
			};
			name = Release;
		};
/* End XCBuildConfiguration section */

/* Begin XCConfigurationList section */
		1F19EE221853B633003C29A4 /* Build configuration list for PBXProject "Questions" */ = {
			isa = XCConfigurationList;
			buildConfigurations = (
				1F19EE5A1853B633003C29A4 /* Debug */,
				1F19EE5B1853B633003C29A4 /* Release */,
			);
			defaultConfigurationIsVisible = 0;
			defaultConfigurationName = Release;
		};
		1F19EE5C1853B633003C29A4 /* Build configuration list for PBXNativeTarget "Questions" */ = {
			isa = XCConfigurationList;
			buildConfigurations = (
				1F19EE5D1853B633003C29A4 /* Debug */,
				1F19EE5E1853B633003C29A4 /* Release */,
			);
			defaultConfigurationIsVisible = 0;
			defaultConfigurationName = Release;
		};
		1F19EE5F1853B633003C29A4 /* Build configuration list for PBXNativeTarget "QuestionsTests" */ = {
			isa = XCConfigurationList;
			buildConfigurations = (
				1F19EE601853B633003C29A4 /* Debug */,
				1F19EE611853B633003C29A4 /* Release */,
			);
			defaultConfigurationIsVisible = 0;
			defaultConfigurationName = Release;
		};
/* End XCConfigurationList section */
	};
	rootObject = 1F19EE1F1853B633003C29A4 /* Project object */;
}
